
Microsoft Visual Studio Solution File, Format Version 12.00
# Visual Studio 2012
Project("{262852C6-CD72-467D-83FE-5EEB1973A190}") = "winjs-scrumptious", "winjs-scrumptious\winjs-scrumptious.jsproj", "{A10DE02E-B0A5-4C5C-B36B-6F8CCC662ADA}"
EndProject
Global
	GlobalSection(SolutionConfigurationPlatforms) = preSolution
		Debug|Any CPU = Debug|Any CPU
		Debug|ARM = Debug|ARM
		Debug|x64 = Debug|x64
		Debug|x86 = Debug|x86
		Release|Any CPU = Release|Any CPU
		Release|ARM = Release|ARM
		Release|x64 = Release|x64
		Release|x86 = Release|x86
	EndGlobalSection
	GlobalSection(ProjectConfigurationPlatforms) = postSolution
		{A10DE02E-B0A5-4C5C-B36B-6F8CCC662ADA}.Debug|Any CPU.ActiveCfg = Debug|Any CPU
		{A10DE02E-B0A5-4C5C-B36B-6F8CCC662ADA}.Debug|Any CPU.Build.0 = Debug|Any CPU
		{A10DE02E-B0A5-4C5C-B36B-6F8CCC662ADA}.Debug|Any CPU.Deploy.0 = Debug|Any CPU
		{A10DE02E-B0A5-4C5C-B36B-6F8CCC662ADA}.Debug|ARM.ActiveCfg = Debug|ARM
		{A10DE02E-B0A5-4C5C-B36B-6F8CCC662ADA}.Debug|ARM.Build.0 = Debug|ARM
		{A10DE02E-B0A5-4C5C-B36B-6F8CCC662ADA}.Debug|ARM.Deploy.0 = Debug|ARM
		{A10DE02E-B0A5-4C5C-B36B-6F8CCC662ADA}.Debug|x64.ActiveCfg = Debug|x64
		{A10DE02E-B0A5-4C5C-B36B-6F8CCC662ADA}.Debug|x64.Build.0 = Debug|x64
		{A10DE02E-B0A5-4C5C-B36B-6F8CCC662ADA}.Debug|x64.Deploy.0 = Debug|x64
		{A10DE02E-B0A5-4C5C-B36B-6F8CCC662ADA}.Debug|x86.ActiveCfg = Debug|x86
		{A10DE02E-B0A5-4C5C-B36B-6F8CCC662ADA}.Debug|x86.Build.0 = Debug|x86
		{A10DE02E-B0A5-4C5C-B36B-6F8CCC662ADA}.Debug|x86.Deploy.0 = Debug|x86
		{A10DE02E-B0A5-4C5C-B36B-6F8CCC662ADA}.Release|Any CPU.ActiveCfg = Release|Any CPU
		{A10DE02E-B0A5-4C5C-B36B-6F8CCC662ADA}.Release|Any CPU.Build.0 = Release|Any CPU
		{A10DE02E-B0A5-4C5C-B36B-6F8CCC662ADA}.Release|Any CPU.Deploy.0 = Release|Any CPU
		{A10DE02E-B0A5-4C5C-B36B-6F8CCC662ADA}.Release|ARM.ActiveCfg = Release|ARM
		{A10DE02E-B0A5-4C5C-B36B-6F8CCC662ADA}.Release|ARM.Build.0 = Release|ARM
		{A10DE02E-B0A5-4C5C-B36B-6F8CCC662ADA}.Release|ARM.Deploy.0 = Release|ARM
		{A10DE02E-B0A5-4C5C-B36B-6F8CCC662ADA}.Release|x64.ActiveCfg = Release|x64
		{A10DE02E-B0A5-4C5C-B36B-6F8CCC662ADA}.Release|x64.Build.0 = Release|x64
		{A10DE02E-B0A5-4C5C-B36B-6F8CCC662ADA}.Release|x64.Deploy.0 = Release|x64
		{A10DE02E-B0A5-4C5C-B36B-6F8CCC662ADA}.Release|x86.ActiveCfg = Release|x86
		{A10DE02E-B0A5-4C5C-B36B-6F8CCC662ADA}.Release|x86.Build.0 = Release|x86
		{A10DE02E-B0A5-4C5C-B36B-6F8CCC662ADA}.Release|x86.Deploy.0 = Release|x86
	EndGlobalSection
	GlobalSection(SolutionProperties) = preSolution
		HideSolutionNode = FALSE
	EndGlobalSection
EndGlobal
